
Microsoft Visual Studio Solution File, Format Version 12.00
# Visual Studio 14
VisualStudioVersion = 14.0.25420.1
MinimumVisualStudioVersion = 10.0.40219.1
Project("{2150E333-8FDC-42A3-9474-1A3956D46DE8}") = "src", "src", "{724BD70A-CAA2-4AB6-BD18-0C517F97E98F}"
EndProject
Project("{2150E333-8FDC-42A3-9474-1A3956D46DE8}") = "Solution Items", "Solution Items", "{E06B0479-36E5-431A-83DD-1A05EF2FE294}"
	ProjectSection(SolutionItems) = preProject
		.gitattributes = .gitattributes
		.gitignore = .gitignore
	EndProjectSection
EndProject
Project("{2150E333-8FDC-42A3-9474-1A3956D46DE8}") = "Helper", "Helper", "{B6EB7722-945B-4C0F-9E1B-6D68C89A3475}"
EndProject
Project("{8BC9CEB8-8B4A-11D0-8D11-00A0C91BC942}") = "MatrixAdd", "src\MatrixAdd\MatrixAdd.vcxproj", "{8B57AC8A-3EF0-4E61-B688-3B156F0A411D}"
EndProject
Project("{8BC9CEB8-8B4A-11D0-8D11-00A0C91BC942}") = "Sum", "src\Sum\Sum.vcxproj", "{34D2DFC0-C67F-4C00-BB1F-D1212AF28474}"
EndProject
Project("{8BC9CEB8-8B4A-11D0-8D11-00A0C91BC942}") = "CLCore", "src\CLCore\CLCore.vcxproj", "{02E7BFBA-49DD-4F83-AD47-4FA62C46554E}"
EndProject
Project("{8BC9CEB8-8B4A-11D0-8D11-00A0C91BC942}") = "MatrixMul", "src\MatrixMul\MatrixMul.vcxproj", "{91905817-F23F-45EF-8153-969427B3D3AE}"
EndProject
Global
	GlobalSection(SolutionConfigurationPlatforms) = preSolution
		Debug|x64 = Debug|x64
		Release|x64 = Release|x64
	EndGlobalSection
	GlobalSection(ProjectConfigurationPlatforms) = postSolution
		{8B57AC8A-3EF0-4E61-B688-3B156F0A411D}.Debug|x64.ActiveCfg = Debug|x64
		{8B57AC8A-3EF0-4E61-B688-3B156F0A411D}.Debug|x64.Build.0 = Debug|x64
		{8B57AC8A-3EF0-4E61-B688-3B156F0A411D}.Release|x64.ActiveCfg = Release|x64
		{8B57AC8A-3EF0-4E61-B688-3B156F0A411D}.Release|x64.Build.0 = Release|x64
		{34D2DFC0-C67F-4C00-BB1F-D1212AF28474}.Debug|x64.ActiveCfg = Debug|x64
		{34D2DFC0-C67F-4C00-BB1F-D1212AF28474}.Debug|x64.Build.0 = Debug|x64
		{34D2DFC0-C67F-4C00-BB1F-D1212AF28474}.Release|x64.ActiveCfg = Release|x64
		{34D2DFC0-C67F-4C00-BB1F-D1212AF28474}.Release|x64.Build.0 = Release|x64
		{02E7BFBA-49DD-4F83-AD47-4FA62C46554E}.Debug|x64.ActiveCfg = Debug|x64
		{02E7BFBA-49DD-4F83-AD47-4FA62C46554E}.Debug|x64.Build.0 = Debug|x64
		{02E7BFBA-49DD-4F83-AD47-4FA62C46554E}.Release|x64.ActiveCfg = Release|x64
		{02E7BFBA-49DD-4F83-AD47-4FA62C46554E}.Release|x64.Build.0 = Release|x64
		{91905817-F23F-45EF-8153-969427B3D3AE}.Debug|x64.ActiveCfg = Debug|x64
		{91905817-F23F-45EF-8153-969427B3D3AE}.Debug|x64.Build.0 = Debug|x64
		{91905817-F23F-45EF-8153-969427B3D3AE}.Release|x64.ActiveCfg = Release|x64
		{91905817-F23F-45EF-8153-969427B3D3AE}.Release|x64.Build.0 = Release|x64
	EndGlobalSection
	GlobalSection(SolutionProperties) = preSolution
		HideSolutionNode = FALSE
	EndGlobalSection
	GlobalSection(NestedProjects) = preSolution
		{B6EB7722-945B-4C0F-9E1B-6D68C89A3475} = {724BD70A-CAA2-4AB6-BD18-0C517F97E98F}
		{8B57AC8A-3EF0-4E61-B688-3B156F0A411D} = {724BD70A-CAA2-4AB6-BD18-0C517F97E98F}
		{34D2DFC0-C67F-4C00-BB1F-D1212AF28474} = {724BD70A-CAA2-4AB6-BD18-0C517F97E98F}
		{02E7BFBA-49DD-4F83-AD47-4FA62C46554E} = {B6EB7722-945B-4C0F-9E1B-6D68C89A3475}
		{91905817-F23F-45EF-8153-969427B3D3AE} = {724BD70A-CAA2-4AB6-BD18-0C517F97E98F}
	EndGlobalSection
EndGlobal
