<?xml version="1.0" encoding="utf-8"?>
<Project ToolsVersion="4.0" xmlns="http://schemas.microsoft.com/developer/msbuild/2003">
  <ItemGroup>
    <Filter Include="Common">
      <UniqueIdentifier>{f7273504-d010-4e96-b43c-ce7ba5903ead}</UniqueIdentifier>
    </Filter>
    <Filter Include="Program">
      <UniqueIdentifier>{c6d69051-a416-4b87-9cdd-5323ccbac31d}</UniqueIdentifier>
    </Filter>
  </ItemGroup>
  <ItemGroup>
    <ClInclude Include="stdafx.h">
      <Filter>Common</Filter>
    </ClInclude>
    <ClInclude Include="targetver.h">
      <Filter>Common</Filter>
    </ClInclude>
    <ClInclude Include="Matrix.h">
      <Filter>Program</Filter>
    </ClInclude>
  </ItemGroup>
  <ItemGroup>
    <ClCompile Include="stdafx.cpp">
      <Filter>Common</Filter>
    </ClCompile>
    <ClCompile Include="Main.cpp" />
    <ClCompile Include="Matrix.cpp">
      <Filter>Program</Filter>
    </ClCompile>
  </ItemGroup>
  <ItemGroup>
    <None Include="Matrix_Kernel.cl">
      <Filter>Program</Filter>
    </None>
  </ItemGroup>
</Project>